// !$*UTF8*$!
{
	archiveVersion = 1;
	classes = {
	};
	objectVersion = 50;
	objects = {

/* Begin PBXBuildFile section */
		13A4B520207C6FB30010C93E /* AppDelegate.swift in Sources */ = {isa = PBXBuildFile; fileRef = 13A4B51F207C6FB30010C93E /* AppDelegate.swift */; };
		13A4B522207C6FB30010C93E /* ViewController.swift in Sources */ = {isa = PBXBuildFile; fileRef = 13A4B521207C6FB30010C93E /* ViewController.swift */; };
		13A4B525207C6FB30010C93E /* Main.storyboard in Resources */ = {isa = PBXBuildFile; fileRef = 13A4B523207C6FB30010C93E /* Main.storyboard */; };
		13A4B527207C6FB30010C93E /* Assets.xcassets in Resources */ = {isa = PBXBuildFile; fileRef = 13A4B526207C6FB30010C93E /* Assets.xcassets */; };
		13A4B52A207C6FB30010C93E /* LaunchScreen.storyboard in Resources */ = {isa = PBXBuildFile; fileRef = 13A4B528207C6FB30010C93E /* LaunchScreen.storyboard */; };
		13A4B540207C6FB30010C93E /* ParticleBoxUITests.swift in Sources */ = {isa = PBXBuildFile; fileRef = 13A4B53F207C6FB30010C93E /* ParticleBoxUITests.swift */; };
		13A4B54E207C6FF40010C93E /* BoxDocument.swift in Sources */ = {isa = PBXBuildFile; fileRef = 13A4B54D207C6FF40010C93E /* BoxDocument.swift */; };
		13A4B552207C70200010C93E /* BoxDocumentTests.swift in Sources */ = {isa = PBXBuildFile; fileRef = 13A4B551207C70200010C93E /* BoxDocumentTests.swift */; };
		13DFB95A207C729F00C78648 /* BoxDocument.swift in Sources */ = {isa = PBXBuildFile; fileRef = 13A4B54D207C6FF40010C93E /* BoxDocument.swift */; };
		37FBF51DCB02746D06521693 /* Pods_ParticleBox_ParticleBoxTests.framework in Frameworks */ = {isa = PBXBuildFile; fileRef = C888C0D4FEA69DE9C5FC2843 /* Pods_ParticleBox_ParticleBoxTests.framework */; };
		52C5ACDD325A4A7CC8F7B2B1 /* Pods_ParticleBox.framework in Frameworks */ = {isa = PBXBuildFile; fileRef = 42CB9C4B17CDECBCC5BEB2BD /* Pods_ParticleBox.framework */; };
/* End PBXBuildFile section */

/* Begin PBXContainerItemProxy section */
		13A4B531207C6FB30010C93E /* PBXContainerItemProxy */ = {
			isa = PBXContainerItemProxy;
			containerPortal = 13A4B514207C6FB30010C93E /* Project object */;
			proxyType = 1;
			remoteGlobalIDString = 13A4B51B207C6FB30010C93E;
			remoteInfo = ParticleBox;
		};
		13A4B53C207C6FB30010C93E /* PBXContainerItemProxy */ = {
			isa = PBXContainerItemProxy;
			containerPortal = 13A4B514207C6FB30010C93E /* Project object */;
			proxyType = 1;
			remoteGlobalIDString = 13A4B51B207C6FB30010C93E;
			remoteInfo = ParticleBox;
		};
/* End PBXContainerItemProxy section */

/* Begin PBXFileReference section */
		13A4B51C207C6FB30010C93E /* ParticleBox.app */ = {isa = PBXFileReference; explicitFileType = wrapper.application; includeInIndex = 0; path = ParticleBox.app; sourceTree = BUILT_PRODUCTS_DIR; };
		13A4B51F207C6FB30010C93E /* AppDelegate.swift */ = {isa = PBXFileReference; lastKnownFileType = sourcecode.swift; path = AppDelegate.swift; sourceTree = "<group>"; };
		13A4B521207C6FB30010C93E /* ViewController.swift */ = {isa = PBXFileReference; lastKnownFileType = sourcecode.swift; path = ViewController.swift; sourceTree = "<group>"; };
		13A4B524207C6FB30010C93E /* Base */ = {isa = PBXFileReference; lastKnownFileType = file.storyboard; name = Base; path = Base.lproj/Main.storyboard; sourceTree = "<group>"; };
		13A4B526207C6FB30010C93E /* Assets.xcassets */ = {isa = PBXFileReference; lastKnownFileType = folder.assetcatalog; path = Assets.xcassets; sourceTree = "<group>"; };
		13A4B529207C6FB30010C93E /* Base */ = {isa = PBXFileReference; lastKnownFileType = file.storyboard; name = Base; path = Base.lproj/LaunchScreen.storyboard; sourceTree = "<group>"; };
		13A4B52B207C6FB30010C93E /* Info.plist */ = {isa = PBXFileReference; lastKnownFileType = text.plist.xml; path = Info.plist; sourceTree = "<group>"; };
		13A4B530207C6FB30010C93E /* ParticleBoxTests.xctest */ = {isa = PBXFileReference; explicitFileType = wrapper.cfbundle; includeInIndex = 0; path = ParticleBoxTests.xctest; sourceTree = BUILT_PRODUCTS_DIR; };
		13A4B536207C6FB30010C93E /* Info.plist */ = {isa = PBXFileReference; lastKnownFileType = text.plist.xml; path = Info.plist; sourceTree = "<group>"; };
		13A4B53B207C6FB30010C93E /* ParticleBoxUITests.xctest */ = {isa = PBXFileReference; explicitFileType = wrapper.cfbundle; includeInIndex = 0; path = ParticleBoxUITests.xctest; sourceTree = BUILT_PRODUCTS_DIR; };
		13A4B53F207C6FB30010C93E /* ParticleBoxUITests.swift */ = {isa = PBXFileReference; lastKnownFileType = sourcecode.swift; path = ParticleBoxUITests.swift; sourceTree = "<group>"; };
		13A4B541207C6FB30010C93E /* Info.plist */ = {isa = PBXFileReference; lastKnownFileType = text.plist.xml; path = Info.plist; sourceTree = "<group>"; };
		13A4B54D207C6FF40010C93E /* BoxDocument.swift */ = {isa = PBXFileReference; lastKnownFileType = sourcecode.swift; path = BoxDocument.swift; sourceTree = "<group>"; };
		13A4B550207C70200010C93E /* ParticleBoxTests-Bridging-Header.h */ = {isa = PBXFileReference; lastKnownFileType = sourcecode.c.h; path = "ParticleBoxTests-Bridging-Header.h"; sourceTree = "<group>"; };
		13A4B551207C70200010C93E /* BoxDocumentTests.swift */ = {isa = PBXFileReference; lastKnownFileType = sourcecode.swift; path = BoxDocumentTests.swift; sourceTree = "<group>"; };
		42CB9C4B17CDECBCC5BEB2BD /* Pods_ParticleBox.framework */ = {isa = PBXFileReference; explicitFileType = wrapper.framework; includeInIndex = 0; path = Pods_ParticleBox.framework; sourceTree = BUILT_PRODUCTS_DIR; };
		7450807A5102B72000660865 /* Pods-ParticleBox-ParticleBoxTests.debug.xcconfig */ = {isa = PBXFileReference; includeInIndex = 1; lastKnownFileType = text.xcconfig; name = "Pods-ParticleBox-ParticleBoxTests.debug.xcconfig"; path = "Pods/Target Support Files/Pods-ParticleBox-ParticleBoxTests/Pods-ParticleBox-ParticleBoxTests.debug.xcconfig"; sourceTree = "<group>"; };
		786ADD96C175CF06AE96D099 /* Pods-ParticleBox.debug.xcconfig */ = {isa = PBXFileReference; includeInIndex = 1; lastKnownFileType = text.xcconfig; name = "Pods-ParticleBox.debug.xcconfig"; path = "Pods/Target Support Files/Pods-ParticleBox/Pods-ParticleBox.debug.xcconfig"; sourceTree = "<group>"; };
		BB9FBCD57847C6EC726180AE /* Pods-ParticleBox-ParticleBoxTests.release.xcconfig */ = {isa = PBXFileReference; includeInIndex = 1; lastKnownFileType = text.xcconfig; name = "Pods-ParticleBox-ParticleBoxTests.release.xcconfig"; path = "Pods/Target Support Files/Pods-ParticleBox-ParticleBoxTests/Pods-ParticleBox-ParticleBoxTests.release.xcconfig"; sourceTree = "<group>"; };
		C888C0D4FEA69DE9C5FC2843 /* Pods_ParticleBox_ParticleBoxTests.framework */ = {isa = PBXFileReference; explicitFileType = wrapper.framework; includeInIndex = 0; path = Pods_ParticleBox_ParticleBoxTests.framework; sourceTree = BUILT_PRODUCTS_DIR; };
		DCC643E88496590C7DE6BA26 /* Pods-ParticleBox.release.xcconfig */ = {isa = PBXFileReference; includeInIndex = 1; lastKnownFileType = text.xcconfig; name = "Pods-ParticleBox.release.xcconfig"; path = "Pods/Target Support Files/Pods-ParticleBox/Pods-ParticleBox.release.xcconfig"; sourceTree = "<group>"; };
/* End PBXFileReference section */

/* Begin PBXFrameworksBuildPhase section */
		13A4B519207C6FB30010C93E /* Frameworks */ = {
			isa = PBXFrameworksBuildPhase;
			buildActionMask = 2147483647;
			files = (
				52C5ACDD325A4A7CC8F7B2B1 /* Pods_ParticleBox.framework in Frameworks */,
			);
			runOnlyForDeploymentPostprocessing = 0;
		};
		13A4B52D207C6FB30010C93E /* Frameworks */ = {
			isa = PBXFrameworksBuildPhase;
			buildActionMask = 2147483647;
			files = (
				37FBF51DCB02746D06521693 /* Pods_ParticleBox_ParticleBoxTests.framework in Frameworks */,
			);
			runOnlyForDeploymentPostprocessing = 0;
		};
		13A4B538207C6FB30010C93E /* Frameworks */ = {
			isa = PBXFrameworksBuildPhase;
			buildActionMask = 2147483647;
			files = (
			);
			runOnlyForDeploymentPostprocessing = 0;
		};
/* End PBXFrameworksBuildPhase section */

/* Begin PBXGroup section */
		0F3F718F1793850AB070C404 /* Frameworks */ = {
			isa = PBXGroup;
			children = (
				42CB9C4B17CDECBCC5BEB2BD /* Pods_ParticleBox.framework */,
				C888C0D4FEA69DE9C5FC2843 /* Pods_ParticleBox_ParticleBoxTests.framework */,
			);
			name = Frameworks;
			sourceTree = "<group>";
		};
		13A4B513207C6FB30010C93E = {
			isa = PBXGroup;
			children = (
				13A4B51E207C6FB30010C93E /* ParticleBox */,
				13A4B533207C6FB30010C93E /* ParticleBoxTests */,
				13A4B53E207C6FB30010C93E /* ParticleBoxUITests */,
				13A4B51D207C6FB30010C93E /* Products */,
				41646BACD95BB8E13A3C408E /* Pods */,
				0F3F718F1793850AB070C404 /* Frameworks */,
			);
			sourceTree = "<group>";
		};
		13A4B51D207C6FB30010C93E /* Products */ = {
			isa = PBXGroup;
			children = (
				13A4B51C207C6FB30010C93E /* ParticleBox.app */,
				13A4B530207C6FB30010C93E /* ParticleBoxTests.xctest */,
				13A4B53B207C6FB30010C93E /* ParticleBoxUITests.xctest */,
			);
			name = Products;
			sourceTree = "<group>";
		};
		13A4B51E207C6FB30010C93E /* ParticleBox */ = {
			isa = PBXGroup;
			children = (
				13A4B51F207C6FB30010C93E /* AppDelegate.swift */,
				13A4B521207C6FB30010C93E /* ViewController.swift */,
				13A4B54F207C6FF90010C93E /* Models */,
				13A4B523207C6FB30010C93E /* Main.storyboard */,
				13A4B526207C6FB30010C93E /* Assets.xcassets */,
				13A4B528207C6FB30010C93E /* LaunchScreen.storyboard */,
				13A4B52B207C6FB30010C93E /* Info.plist */,
			);
			path = ParticleBox;
			sourceTree = "<group>";
		};
		13A4B533207C6FB30010C93E /* ParticleBoxTests */ = {
			isa = PBXGroup;
			children = (
				13A4B536207C6FB30010C93E /* Info.plist */,
				13A4B551207C70200010C93E /* BoxDocumentTests.swift */,
				13A4B550207C70200010C93E /* ParticleBoxTests-Bridging-Header.h */,
			);
			path = ParticleBoxTests;
			sourceTree = "<group>";
		};
		13A4B53E207C6FB30010C93E /* ParticleBoxUITests */ = {
			isa = PBXGroup;
			children = (
				13A4B53F207C6FB30010C93E /* ParticleBoxUITests.swift */,
				13A4B541207C6FB30010C93E /* Info.plist */,
			);
			path = ParticleBoxUITests;
			sourceTree = "<group>";
		};
		13A4B54F207C6FF90010C93E /* Models */ = {
			isa = PBXGroup;
			children = (
				13A4B54D207C6FF40010C93E /* BoxDocument.swift */,
			);
			path = Models;
			sourceTree = "<group>";
		};
		41646BACD95BB8E13A3C408E /* Pods */ = {
			isa = PBXGroup;
			children = (
				786ADD96C175CF06AE96D099 /* Pods-ParticleBox.debug.xcconfig */,
				DCC643E88496590C7DE6BA26 /* Pods-ParticleBox.release.xcconfig */,
				7450807A5102B72000660865 /* Pods-ParticleBox-ParticleBoxTests.debug.xcconfig */,
				BB9FBCD57847C6EC726180AE /* Pods-ParticleBox-ParticleBoxTests.release.xcconfig */,
			);
			name = Pods;
			sourceTree = "<group>";
		};
/* End PBXGroup section */

/* Begin PBXNativeTarget section */
		13A4B51B207C6FB30010C93E /* ParticleBox */ = {
			isa = PBXNativeTarget;
			buildConfigurationList = 13A4B544207C6FB30010C93E /* Build configuration list for PBXNativeTarget "ParticleBox" */;
			buildPhases = (
				36C1C88638A13BBFE50079A3 /* [CP] Check Pods Manifest.lock */,
				13A4B518207C6FB30010C93E /* Sources */,
				13A4B519207C6FB30010C93E /* Frameworks */,
				13A4B51A207C6FB30010C93E /* Resources */,
				D2CC58816B89DD532F7608EF /* [CP] Embed Pods Frameworks */,
			);
			buildRules = (
			);
			dependencies = (
			);
			name = ParticleBox;
			productName = ParticleBox;
			productReference = 13A4B51C207C6FB30010C93E /* ParticleBox.app */;
			productType = "com.apple.product-type.application";
		};
		13A4B52F207C6FB30010C93E /* ParticleBoxTests */ = {
			isa = PBXNativeTarget;
			buildConfigurationList = 13A4B547207C6FB30010C93E /* Build configuration list for PBXNativeTarget "ParticleBoxTests" */;
			buildPhases = (
				0F176910A7CF7E0E9CFF014F /* [CP] Check Pods Manifest.lock */,
				13A4B52C207C6FB30010C93E /* Sources */,
				13A4B52D207C6FB30010C93E /* Frameworks */,
				13A4B52E207C6FB30010C93E /* Resources */,
				98135F25226ACB71437E3B2E /* [CP] Embed Pods Frameworks */,
			);
			buildRules = (
			);
			dependencies = (
				13A4B532207C6FB30010C93E /* PBXTargetDependency */,
			);
			name = ParticleBoxTests;
			productName = ParticleBoxTests;
			productReference = 13A4B530207C6FB30010C93E /* ParticleBoxTests.xctest */;
			productType = "com.apple.product-type.bundle.unit-test";
		};
		13A4B53A207C6FB30010C93E /* ParticleBoxUITests */ = {
			isa = PBXNativeTarget;
			buildConfigurationList = 13A4B54A207C6FB30010C93E /* Build configuration list for PBXNativeTarget "ParticleBoxUITests" */;
			buildPhases = (
				13A4B537207C6FB30010C93E /* Sources */,
				13A4B538207C6FB30010C93E /* Frameworks */,
				13A4B539207C6FB30010C93E /* Resources */,
			);
			buildRules = (
			);
			dependencies = (
				13A4B53D207C6FB30010C93E /* PBXTargetDependency */,
			);
			name = ParticleBoxUITests;
			productName = ParticleBoxUITests;
			productReference = 13A4B53B207C6FB30010C93E /* ParticleBoxUITests.xctest */;
			productType = "com.apple.product-type.bundle.ui-testing";
		};
/* End PBXNativeTarget section */

/* Begin PBXProject section */
		13A4B514207C6FB30010C93E /* Project object */ = {
			isa = PBXProject;
			attributes = {
				LastSwiftUpdateCheck = 0930;
				LastUpgradeCheck = 0930;
				ORGANIZATIONNAME = "Manish Shukla";
				TargetAttributes = {
					13A4B51B207C6FB30010C93E = {
						CreatedOnToolsVersion = 9.3;
					};
					13A4B52F207C6FB30010C93E = {
						CreatedOnToolsVersion = 9.3;
						LastSwiftMigration = 0930;
						TestTargetID = 13A4B51B207C6FB30010C93E;
					};
					13A4B53A207C6FB30010C93E = {
						CreatedOnToolsVersion = 9.3;
						TestTargetID = 13A4B51B207C6FB30010C93E;
					};
				};
			};
			buildConfigurationList = 13A4B517207C6FB30010C93E /* Build configuration list for PBXProject "ParticleBox" */;
			compatibilityVersion = "Xcode 9.3";
			developmentRegion = en;
			hasScannedForEncodings = 0;
			knownRegions = (
				en,
				Base,
			);
			mainGroup = 13A4B513207C6FB30010C93E;
			productRefGroup = 13A4B51D207C6FB30010C93E /* Products */;
			projectDirPath = "";
			projectRoot = "";
			targets = (
				13A4B51B207C6FB30010C93E /* ParticleBox */,
				13A4B52F207C6FB30010C93E /* ParticleBoxTests */,
				13A4B53A207C6FB30010C93E /* ParticleBoxUITests */,
			);
		};
/* End PBXProject section */

/* Begin PBXResourcesBuildPhase section */
		13A4B51A207C6FB30010C93E /* Resources */ = {
			isa = PBXResourcesBuildPhase;
			buildActionMask = 2147483647;
			files = (
				13A4B52A207C6FB30010C93E /* LaunchScreen.storyboard in Resources */,
				13A4B527207C6FB30010C93E /* Assets.xcassets in Resources */,
				13A4B525207C6FB30010C93E /* Main.storyboard in Resources */,
			);
			runOnlyForDeploymentPostprocessing = 0;
		};
		13A4B52E207C6FB30010C93E /* Resources */ = {
			isa = PBXResourcesBuildPhase;
			buildActionMask = 2147483647;
			files = (
			);
			runOnlyForDeploymentPostprocessing = 0;
		};
		13A4B539207C6FB30010C93E /* Resources */ = {
			isa = PBXResourcesBuildPhase;
			buildActionMask = 2147483647;
			files = (
			);
			runOnlyForDeploymentPostprocessing = 0;
		};
/* End PBXResourcesBuildPhase section */

/* Begin PBXShellScriptBuildPhase section */
		0F176910A7CF7E0E9CFF014F /* [CP] Check Pods Manifest.lock */ = {
			isa = PBXShellScriptBuildPhase;
			buildActionMask = 2147483647;
			files = (
			);
			inputPaths = (
				"${PODS_PODFILE_DIR_PATH}/Podfile.lock",
				"${PODS_ROOT}/Manifest.lock",
			);
			name = "[CP] Check Pods Manifest.lock";
			outputPaths = (
				"$(DERIVED_FILE_DIR)/Pods-ParticleBox-ParticleBoxTests-checkManifestLockResult.txt",
			);
			runOnlyForDeploymentPostprocessing = 0;
			shellPath = /bin/sh;
			shellScript = "diff \"${PODS_PODFILE_DIR_PATH}/Podfile.lock\" \"${PODS_ROOT}/Manifest.lock\" > /dev/null\nif [ $? != 0 ] ; then\n    # print error to STDERR\n    echo \"error: The sandbox is not in sync with the Podfile.lock. Run 'pod install' or update your CocoaPods installation.\" >&2\n    exit 1\nfi\n# This output is used by Xcode 'outputs' to avoid re-running this script phase.\necho \"SUCCESS\" > \"${SCRIPT_OUTPUT_FILE_0}\"\n";
			showEnvVarsInLog = 0;
		};
		36C1C88638A13BBFE50079A3 /* [CP] Check Pods Manifest.lock */ = {
			isa = PBXShellScriptBuildPhase;
			buildActionMask = 2147483647;
			files = (
			);
			inputPaths = (
				"${PODS_PODFILE_DIR_PATH}/Podfile.lock",
				"${PODS_ROOT}/Manifest.lock",
			);
			name = "[CP] Check Pods Manifest.lock";
			outputPaths = (
				"$(DERIVED_FILE_DIR)/Pods-ParticleBox-checkManifestLockResult.txt",
			);
			runOnlyForDeploymentPostprocessing = 0;
			shellPath = /bin/sh;
			shellScript = "diff \"${PODS_PODFILE_DIR_PATH}/Podfile.lock\" \"${PODS_ROOT}/Manifest.lock\" > /dev/null\nif [ $? != 0 ] ; then\n    # print error to STDERR\n    echo \"error: The sandbox is not in sync with the Podfile.lock. Run 'pod install' or update your CocoaPods installation.\" >&2\n    exit 1\nfi\n# This output is used by Xcode 'outputs' to avoid re-running this script phase.\necho \"SUCCESS\" > \"${SCRIPT_OUTPUT_FILE_0}\"\n";
			showEnvVarsInLog = 0;
		};
		98135F25226ACB71437E3B2E /* [CP] Embed Pods Frameworks */ = {
			isa = PBXShellScriptBuildPhase;
			buildActionMask = 2147483647;
			files = (
			);
			inputPaths = (
				"${SRCROOT}/Pods/Target Support Files/Pods-ParticleBox-ParticleBoxTests/Pods-ParticleBox-ParticleBoxTests-frameworks.sh",
				"${BUILT_PRODUCTS_DIR}/Alamofire/Alamofire.framework",
				"${BUILT_PRODUCTS_DIR}/Mockingjay/Mockingjay.framework",
				"${BUILT_PRODUCTS_DIR}/Nimble/Nimble.framework",
				"${BUILT_PRODUCTS_DIR}/Quick/Quick.framework",
				"${BUILT_PRODUCTS_DIR}/URITemplate/URITemplate.framework",
			);
			name = "[CP] Embed Pods Frameworks";
			outputPaths = (
				"${TARGET_BUILD_DIR}/${FRAMEWORKS_FOLDER_PATH}/Alamofire.framework",
				"${TARGET_BUILD_DIR}/${FRAMEWORKS_FOLDER_PATH}/Mockingjay.framework",
				"${TARGET_BUILD_DIR}/${FRAMEWORKS_FOLDER_PATH}/Nimble.framework",
				"${TARGET_BUILD_DIR}/${FRAMEWORKS_FOLDER_PATH}/Quick.framework",
				"${TARGET_BUILD_DIR}/${FRAMEWORKS_FOLDER_PATH}/URITemplate.framework",
			);
			runOnlyForDeploymentPostprocessing = 0;
			shellPath = /bin/sh;
			shellScript = "\"${SRCROOT}/Pods/Target Support Files/Pods-ParticleBox-ParticleBoxTests/Pods-ParticleBox-ParticleBoxTests-frameworks.sh\"\n";
			showEnvVarsInLog = 0;
		};
		D2CC58816B89DD532F7608EF /* [CP] Embed Pods Frameworks */ = {
			isa = PBXShellScriptBuildPhase;
			buildActionMask = 2147483647;
			files = (
			);
			inputPaths = (
				"${SRCROOT}/Pods/Target Support Files/Pods-ParticleBox/Pods-ParticleBox-frameworks.sh",
				"${BUILT_PRODUCTS_DIR}/Alamofire/Alamofire.framework",
			);
			name = "[CP] Embed Pods Frameworks";
			outputPaths = (
				"${TARGET_BUILD_DIR}/${FRAMEWORKS_FOLDER_PATH}/Alamofire.framework",
			);
			runOnlyForDeploymentPostprocessing = 0;
			shellPath = /bin/sh;
			shellScript = "\"${SRCROOT}/Pods/Target Support Files/Pods-ParticleBox/Pods-ParticleBox-frameworks.sh\"\n";
			showEnvVarsInLog = 0;
		};
/* End PBXShellScriptBuildPhase section */

/* Begin PBXSourcesBuildPhase section */
		13A4B518207C6FB30010C93E /* Sources */ = {
			isa = PBXSourcesBuildPhase;
			buildActionMask = 2147483647;
			files = (
				13A4B522207C6FB30010C93E /* ViewController.swift in Sources */,
				13A4B520207C6FB30010C93E /* AppDelegate.swift in Sources */,
				13A4B54E207C6FF40010C93E /* BoxDocument.swift in Sources */,
			);
			runOnlyForDeploymentPostprocessing = 0;
		};
		13A4B52C207C6FB30010C93E /* Sources */ = {
			isa = PBXSourcesBuildPhase;
			buildActionMask = 2147483647;
			files = (
				13DFB95A207C729F00C78648 /* BoxDocument.swift in Sources */,
				13A4B552207C70200010C93E /* BoxDocumentTests.swift in Sources */,
			);
			runOnlyForDeploymentPostprocessing = 0;
		};
		13A4B537207C6FB30010C93E /* Sources */ = {
			isa = PBXSourcesBuildPhase;
			buildActionMask = 2147483647;
			files = (
				13A4B540207C6FB30010C93E /* ParticleBoxUITests.swift in Sources */,
			);
			runOnlyForDeploymentPostprocessing = 0;
		};
/* End PBXSourcesBuildPhase section */

/* Begin PBXTargetDependency section */
		13A4B532207C6FB30010C93E /* PBXTargetDependency */ = {
			isa = PBXTargetDependency;
			target = 13A4B51B207C6FB30010C93E /* ParticleBox */;
			targetProxy = 13A4B531207C6FB30010C93E /* PBXContainerItemProxy */;
		};
		13A4B53D207C6FB30010C93E /* PBXTargetDependency */ = {
			isa = PBXTargetDependency;
			target = 13A4B51B207C6FB30010C93E /* ParticleBox */;
			targetProxy = 13A4B53C207C6FB30010C93E /* PBXContainerItemProxy */;
		};
/* End PBXTargetDependency section */

/* Begin PBXVariantGroup section */
		13A4B523207C6FB30010C93E /* Main.storyboard */ = {
			isa = PBXVariantGroup;
			children = (
				13A4B524207C6FB30010C93E /* Base */,
			);
			name = Main.storyboard;
			sourceTree = "<group>";
		};
		13A4B528207C6FB30010C93E /* LaunchScreen.storyboard */ = {
			isa = PBXVariantGroup;
			children = (
				13A4B529207C6FB30010C93E /* Base */,
			);
			name = LaunchScreen.storyboard;
			sourceTree = "<group>";
		};
/* End PBXVariantGroup section */

/* Begin XCBuildConfiguration section */
		13A4B542207C6FB30010C93E /* Debug */ = {
			isa = XCBuildConfiguration;
			buildSettings = {
				ALWAYS_SEARCH_USER_PATHS = NO;
				CLANG_ANALYZER_NONNULL = YES;
				CLANG_ANALYZER_NUMBER_OBJECT_CONVERSION = YES_AGGRESSIVE;
				CLANG_CXX_LANGUAGE_STANDARD = "gnu++14";
				CLANG_CXX_LIBRARY = "libc++";
				CLANG_ENABLE_MODULES = YES;
				CLANG_ENABLE_OBJC_ARC = YES;
				CLANG_ENABLE_OBJC_WEAK = YES;
				CLANG_WARN_BLOCK_CAPTURE_AUTORELEASING = YES;
				CLANG_WARN_BOOL_CONVERSION = YES;
				CLANG_WARN_COMMA = YES;
				CLANG_WARN_CONSTANT_CONVERSION = YES;
				CLANG_WARN_DEPRECATED_OBJC_IMPLEMENTATIONS = YES;
				CLANG_WARN_DIRECT_OBJC_ISA_USAGE = YES_ERROR;
				CLANG_WARN_DOCUMENTATION_COMMENTS = YES;
				CLANG_WARN_EMPTY_BODY = YES;
				CLANG_WARN_ENUM_CONVERSION = YES;
				CLANG_WARN_INFINITE_RECURSION = YES;
				CLANG_WARN_INT_CONVERSION = YES;
				CLANG_WARN_NON_LITERAL_NULL_CONVERSION = YES;
				CLANG_WARN_OBJC_IMPLICIT_RETAIN_SELF = YES;
				CLANG_WARN_OBJC_LITERAL_CONVERSION = YES;
				CLANG_WARN_OBJC_ROOT_CLASS = YES_ERROR;
				CLANG_WARN_RANGE_LOOP_ANALYSIS = YES;
				CLANG_WARN_STRICT_PROTOTYPES = YES;
				CLANG_WARN_SUSPICIOUS_MOVE = YES;
				CLANG_WARN_UNGUARDED_AVAILABILITY = YES_AGGRESSIVE;
				CLANG_WARN_UNREACHABLE_CODE = YES;
				CLANG_WARN__DUPLICATE_METHOD_MATCH = YES;
				CODE_SIGN_IDENTITY = "iPhone Developer";
				COPY_PHASE_STRIP = NO;
				DEBUG_INFORMATION_FORMAT = dwarf;
				ENABLE_STRICT_OBJC_MSGSEND = YES;
				ENABLE_TESTABILITY = YES;
				GCC_C_LANGUAGE_STANDARD = gnu11;
				GCC_DYNAMIC_NO_PIC = NO;
				GCC_NO_COMMON_BLOCKS = YES;
				GCC_OPTIMIZATION_LEVEL = 0;
				GCC_PREPROCESSOR_DEFINITIONS = (
					"DEBUG=1",
					"$(inherited)",
				);
				GCC_WARN_64_TO_32_BIT_CONVERSION = YES;
				GCC_WARN_ABOUT_RETURN_TYPE = YES_ERROR;
				GCC_WARN_UNDECLARED_SELECTOR = YES;
				GCC_WARN_UNINITIALIZED_AUTOS = YES_AGGRESSIVE;
				GCC_WARN_UNUSED_FUNCTION = YES;
				GCC_WARN_UNUSED_VARIABLE = YES;
				IPHONEOS_DEPLOYMENT_TARGET = 11.3;
				MTL_ENABLE_DEBUG_INFO = YES;
				ONLY_ACTIVE_ARCH = YES;
				SDKROOT = iphoneos;
				SWIFT_ACTIVE_COMPILATION_CONDITIONS = DEBUG;
				SWIFT_OPTIMIZATION_LEVEL = "-Onone";
			};
			name = Debug;
		};
		13A4B543207C6FB30010C93E /* Release */ = {
			isa = XCBuildConfiguration;
			buildSettings = {
				ALWAYS_SEARCH_USER_PATHS = NO;
				CLANG_ANALYZER_NONNULL = YES;
				CLANG_ANALYZER_NUMBER_OBJECT_CONVERSION = YES_AGGRESSIVE;
				CLANG_CXX_LANGUAGE_STANDARD = "gnu++14";
				CLANG_CXX_LIBRARY = "libc++";
				CLANG_ENABLE_MODULES = YES;
				CLANG_ENABLE_OBJC_ARC = YES;
				CLANG_ENABLE_OBJC_WEAK = YES;
				CLANG_WARN_BLOCK_CAPTURE_AUTORELEASING = YES;
				CLANG_WARN_BOOL_CONVERSION = YES;
				CLANG_WARN_COMMA = YES;
				CLANG_WARN_CONSTANT_CONVERSION = YES;
				CLANG_WARN_DEPRECATED_OBJC_IMPLEMENTATIONS = YES;
				CLANG_WARN_DIRECT_OBJC_ISA_USAGE = YES_ERROR;
				CLANG_WARN_DOCUMENTATION_COMMENTS = YES;
				CLANG_WARN_EMPTY_BODY = YES;
				CLANG_WARN_ENUM_CONVERSION = YES;
				CLANG_WARN_INFINITE_RECURSION = YES;
				CLANG_WARN_INT_CONVERSION = YES;
				CLANG_WARN_NON_LITERAL_NULL_CONVERSION = YES;
				CLANG_WARN_OBJC_IMPLICIT_RETAIN_SELF = YES;
				CLANG_WARN_OBJC_LITERAL_CONVERSION = YES;
				CLANG_WARN_OBJC_ROOT_CLASS = YES_ERROR;
				CLANG_WARN_RANGE_LOOP_ANALYSIS = YES;
				CLANG_WARN_STRICT_PROTOTYPES = YES;
				CLANG_WARN_SUSPICIOUS_MOVE = YES;
				CLANG_WARN_UNGUARDED_AVAILABILITY = YES_AGGRESSIVE;
				CLANG_WARN_UNREACHABLE_CODE = YES;
				CLANG_WARN__DUPLICATE_METHOD_MATCH = YES;
				CODE_SIGN_IDENTITY = "iPhone Developer";
				COPY_PHASE_STRIP = NO;
				DEBUG_INFORMATION_FORMAT = "dwarf-with-dsym";
				ENABLE_NS_ASSERTIONS = NO;
				ENABLE_STRICT_OBJC_MSGSEND = YES;
				GCC_C_LANGUAGE_STANDARD = gnu11;
				GCC_NO_COMMON_BLOCKS = YES;
				GCC_WARN_64_TO_32_BIT_CONVERSION = YES;
				GCC_WARN_ABOUT_RETURN_TYPE = YES_ERROR;
				GCC_WARN_UNDECLARED_SELECTOR = YES;
				GCC_WARN_UNINITIALIZED_AUTOS = YES_AGGRESSIVE;
				GCC_WARN_UNUSED_FUNCTION = YES;
				GCC_WARN_UNUSED_VARIABLE = YES;
				IPHONEOS_DEPLOYMENT_TARGET = 11.3;
				MTL_ENABLE_DEBUG_INFO = NO;
				SDKROOT = iphoneos;
				SWIFT_COMPILATION_MODE = wholemodule;
				SWIFT_OPTIMIZATION_LEVEL = "-O";
				VALIDATE_PRODUCT = YES;
			};
			name = Release;
		};
		13A4B545207C6FB30010C93E /* Debug */ = {
			isa = XCBuildConfiguration;
			baseConfigurationReference = 786ADD96C175CF06AE96D099 /* Pods-ParticleBox.debug.xcconfig */;
			buildSettings = {
				ASSETCATALOG_COMPILER_APPICON_NAME = AppIcon;
				CODE_SIGN_STYLE = Automatic;
				DEVELOPMENT_TEAM = 6R3AZEVQYJ;
				INFOPLIST_FILE = ParticleBox/Info.plist;
				LD_RUNPATH_SEARCH_PATHS = (
					"$(inherited)",
					"@executable_path/Frameworks",
				);
				PRODUCT_BUNDLE_IDENTIFIER = com.manishukla.particle.ParticleBox;
				PRODUCT_NAME = "$(TARGET_NAME)";
				SWIFT_VERSION = 4.0;
				TARGETED_DEVICE_FAMILY = "1,2";
			};
			name = Debug;
		};
		13A4B546207C6FB30010C93E /* Release */ = {
			isa = XCBuildConfiguration;
			baseConfigurationReference = DCC643E88496590C7DE6BA26 /* Pods-ParticleBox.release.xcconfig */;
			buildSettings = {
				ASSETCATALOG_COMPILER_APPICON_NAME = AppIcon;
				CODE_SIGN_STYLE = Automatic;
				DEVELOPMENT_TEAM = 6R3AZEVQYJ;
				INFOPLIST_FILE = ParticleBox/Info.plist;
				LD_RUNPATH_SEARCH_PATHS = (
					"$(inherited)",
					"@executable_path/Frameworks",
				);
				PRODUCT_BUNDLE_IDENTIFIER = com.manishukla.particle.ParticleBox;
				PRODUCT_NAME = "$(TARGET_NAME)";
				SWIFT_VERSION = 4.0;
				TARGETED_DEVICE_FAMILY = "1,2";
			};
			name = Release;
		};
		13A4B548207C6FB30010C93E /* Debug */ = {
			isa = XCBuildConfiguration;
			baseConfigurationReference = 7450807A5102B72000660865 /* Pods-ParticleBox-ParticleBoxTests.debug.xcconfig */;
			buildSettings = {
				ALWAYS_EMBED_SWIFT_STANDARD_LIBRARIES = YES;
				BUNDLE_LOADER = "$(TEST_HOST)";
				CLANG_ENABLE_MODULES = YES;
				CODE_SIGN_STYLE = Automatic;
				DEVELOPMENT_TEAM = 6R3AZEVQYJ;
				INFOPLIST_FILE = ParticleBoxTests/Info.plist;
				LD_RUNPATH_SEARCH_PATHS = (
					"$(inherited)",
					"@executable_path/Frameworks",
					"@loader_path/Frameworks",
				);
				PRODUCT_BUNDLE_IDENTIFIER = com.manishukla.particle.ParticleBoxTests;
				PRODUCT_NAME = "$(TARGET_NAME)";
				SWIFT_OBJC_BRIDGING_HEADER = "ParticleBoxTests/ParticleBoxTests-Bridging-Header.h";
				SWIFT_OPTIMIZATION_LEVEL = "-Onone";
				SWIFT_VERSION = 4.0;
				TARGETED_DEVICE_FAMILY = "1,2";
				TEST_HOST = "$(BUILT_PRODUCTS_DIR)/ParticleBox.app/ParticleBox";
			};
			name = Debug;
		};
		13A4B549207C6FB30010C93E /* Release */ = {
			isa = XCBuildConfiguration;
			baseConfigurationReference = BB9FBCD57847C6EC726180AE /* Pods-ParticleBox-ParticleBoxTests.release.xcconfig */;
			buildSettings = {
				ALWAYS_EMBED_SWIFT_STANDARD_LIBRARIES = YES;
				BUNDLE_LOADER = "$(TEST_HOST)";
				CLANG_ENABLE_MODULES = YES;
				CODE_SIGN_STYLE = Automatic;
				DEVELOPMENT_TEAM = 6R3AZEVQYJ;
				INFOPLIST_FILE = ParticleBoxTests/Info.plist;
				LD_RUNPATH_SEARCH_PATHS = (
					"$(inherited)",
					"@executable_path/Frameworks",
					"@loader_path/Frameworks",
				);
				PRODUCT_BUNDLE_IDENTIFIER = com.manishukla.particle.ParticleBoxTests;
				PRODUCT_NAME = "$(TARGET_NAME)";
				SWIFT_OBJC_BRIDGING_HEADER = "ParticleBoxTests/ParticleBoxTests-Bridging-Header.h";
				SWIFT_VERSION = 4.0;
				TARGETED_DEVICE_FAMILY = "1,2";
				TEST_HOST = "$(BUILT_PRODUCTS_DIR)/ParticleBox.app/ParticleBox";
			};
			name = Release;
		};
		13A4B54B207C6FB30010C93E /* Debug */ = {
			isa = XCBuildConfiguration;
			buildSettings = {
				ALWAYS_EMBED_SWIFT_STANDARD_LIBRARIES = YES;
				CODE_SIGN_STYLE = Automatic;
				DEVELOPMENT_TEAM = 6R3AZEVQYJ;
				INFOPLIST_FILE = ParticleBoxUITests/Info.plist;
				LD_RUNPATH_SEARCH_PATHS = (
					"$(inherited)",
					"@executable_path/Frameworks",
					"@loader_path/Frameworks",
				);
				PRODUCT_BUNDLE_IDENTIFIER = com.manishukla.particle.ParticleBoxUITests;
				PRODUCT_NAME = "$(TARGET_NAME)";
				SWIFT_VERSION = 4.0;
				TARGETED_DEVICE_FAMILY = "1,2";
				TEST_TARGET_NAME = ParticleBox;
			};
			name = Debug;
		};
		13A4B54C207C6FB30010C93E /* Release */ = {
			isa = XCBuildConfiguration;
			buildSettings = {
				ALWAYS_EMBED_SWIFT_STANDARD_LIBRARIES = YES;
				CODE_SIGN_STYLE = Automatic;
				DEVELOPMENT_TEAM = 6R3AZEVQYJ;
				INFOPLIST_FILE = ParticleBoxUITests/Info.plist;
				LD_RUNPATH_SEARCH_PATHS = (
					"$(inherited)",
					"@executable_path/Frameworks",
					"@loader_path/Frameworks",
				);
				PRODUCT_BUNDLE_IDENTIFIER = com.manishukla.particle.ParticleBoxUITests;
				PRODUCT_NAME = "$(TARGET_NAME)";
				SWIFT_VERSION = 4.0;
				TARGETED_DEVICE_FAMILY = "1,2";
				TEST_TARGET_NAME = ParticleBox;
			};
			name = Release;
		};
/* End XCBuildConfiguration section */

/* Begin XCConfigurationList section */
		13A4B517207C6FB30010C93E /* Build configuration list for PBXProject "ParticleBox" */ = {
			isa = XCConfigurationList;
			buildConfigurations = (
				13A4B542207C6FB30010C93E /* Debug */,
				13A4B543207C6FB30010C93E /* Release */,
			);
			defaultConfigurationIsVisible = 0;
			defaultConfigurationName = Release;
		};
		13A4B544207C6FB30010C93E /* Build configuration list for PBXNativeTarget "ParticleBox" */ = {
			isa = XCConfigurationList;
			buildConfigurations = (
				13A4B545207C6FB30010C93E /* Debug */,
				13A4B546207C6FB30010C93E /* Release */,
			);
			defaultConfigurationIsVisible = 0;
			defaultConfigurationName = Release;
		};
		13A4B547207C6FB30010C93E /* Build configuration list for PBXNativeTarget "ParticleBoxTests" */ = {
			isa = XCConfigurationList;
			buildConfigurations = (
				13A4B548207C6FB30010C93E /* Debug */,
				13A4B549207C6FB30010C93E /* Release */,
			);
			defaultConfigurationIsVisible = 0;
			defaultConfigurationName = Release;
		};
		13A4B54A207C6FB30010C93E /* Build configuration list for PBXNativeTarget "ParticleBoxUITests" */ = {
			isa = XCConfigurationList;
			buildConfigurations = (
				13A4B54B207C6FB30010C93E /* Debug */,
				13A4B54C207C6FB30010C93E /* Release */,
			);
			defaultConfigurationIsVisible = 0;
			defaultConfigurationName = Release;
		};
/* End XCConfigurationList section */
	};
	rootObject = 13A4B514207C6FB30010C93E /* Project object */;
}
